{
    "name": "modelar-ibmdb-adapter",
    "version": "3.0.2",
    "lockfileVersion": 1,
    "dependencies": {
        "@types/ibm_db": {
            "version": "2.0.4",
            "resolved": "https://registry.npmjs.org/@types/ibm_db/-/ibm_db-2.0.4.tgz",
            "integrity": "sha512-aFTcadNI0Fwh0cImMaAjyJDH2Oe5gATEtyovSmK9OoZDD3YLlY7d6Ynoo+Lw1nPTMyPqjpd+IewtOOXo6s949w=="
        },
        "@types/lodash": {
            "version": "4.14.109",
            "resolved": "https://registry.npmjs.org/@types/lodash/-/lodash-4.14.109.tgz",
            "integrity": "sha512-hop8SdPUEzbcJm6aTsmuwjIYQo1tqLseKCM+s2bBqTU2gErwI4fE+aqUVOlscPSQbKHKgtMMPoC+h4AIGOJYvw=="
        },
        "@types/mocha": {
            "version": "5.2.1",
            "resolved": "https://registry.npmjs.org/@types/mocha/-/mocha-5.2.1.tgz",
            "integrity": "sha512-dOrgprHnkDaj1pmrwdcMAf0QRNQzqTB5rxJph+iIQshSmIvtgRqJ0nim8u1vvXU8iOXZrH96+M46JDFTPLingA==",
            "dev": true
        },
        "@types/mysql": {
            "version": "2.15.5",
            "resolved": "https://registry.npmjs.org/@types/mysql/-/mysql-2.15.5.tgz",
            "integrity": "sha512-4QAISTUGZbcFh7bqdndo08xRdES5OTU+JODy8VCZbe1yiXyGjqw1H83G43XjQ3IbC10wn9xlGd44A5RXJwNh0Q=="
        },
        "@types/node": {
            "version": "10.3.1",
            "resolved": "https://registry.npmjs.org/@types/node/-/node-10.3.1.tgz",
            "integrity": "sha512-IsX9aDHDzJohkm3VCDB8tkzl5RQ34E/PFA29TQk6uDGb7Oc869ZBtmdKVDBzY3+h9GnXB8ssrRXEPVZrlIOPOw=="
        },
        "@types/qs": {
            "version": "6.5.1",
            "resolved": "https://registry.npmjs.org/@types/qs/-/qs-6.5.1.tgz",
            "integrity": "sha512-mNhVdZHdtKHMMxbqzNK3RzkBcN1cux3AvuCYGTvjEIQT2uheH3eCAyYsbMbh2Bq8nXkeOWs1kyDiF7geWRFQ4Q==",
            "dev": true
        },
        "ajv": {
            "version": "4.11.8",
            "resolved": "https://registry.npmjs.org/ajv/-/ajv-4.11.8.tgz",
            "integrity": "sha1-gv+wKynmYq5TvcIK8VlHcGc5xTY="
        },
        "asn1": {
            "version": "0.2.3",
            "resolved": "https://registry.npmjs.org/asn1/-/asn1-0.2.3.tgz",
            "integrity": "sha1-2sh4dxPJlmhJ/IGAd36+nB3fO4Y="
        },
        "assert-plus": {
            "version": "0.2.0",
            "resolved": "https://registry.npmjs.org/assert-plus/-/assert-plus-0.2.0.tgz",
            "integrity": "sha1-104bh+ev/A24qttwIfP+SBAasjQ="
        },
        "asynckit": {
            "version": "0.4.0",
            "resolved": "https://registry.npmjs.org/asynckit/-/asynckit-0.4.0.tgz",
            "integrity": "sha1-x57Zf380y48robyXkLzDZkdLS3k="
        },
        "aws-sign2": {
            "version": "0.6.0",
            "resolved": "https://registry.npmjs.org/aws-sign2/-/aws-sign2-0.6.0.tgz",
            "integrity": "sha1-FDQt0428yU0OW4fXY81jYSwOeU8="
        },
        "aws4": {
            "version": "1.6.0",
            "resolved": "https://registry.npmjs.org/aws4/-/aws4-1.6.0.tgz",
            "integrity": "sha1-g+9cqGCysy5KDe7e6MdxudtXRx4="
        },
        "balanced-match": {
            "version": "1.0.0",
            "resolved": "https://registry.npmjs.org/balanced-match/-/balanced-match-1.0.0.tgz",
            "integrity": "sha1-ibTRmasr7kneFk6gK4nORi1xt2c="
        },
        "bcrypt-nodejs": {
            "version": "0.0.3",
            "resolved": "https://registry.npmjs.org/bcrypt-nodejs/-/bcrypt-nodejs-0.0.3.tgz",
            "integrity": "sha1-xgkX8m3CNWYVZsaBBhwwPCsohCs="
        },
        "bcrypt-pbkdf": {
            "version": "1.0.1",
            "resolved": "https://registry.npmjs.org/bcrypt-pbkdf/-/bcrypt-pbkdf-1.0.1.tgz",
            "integrity": "sha1-Y7xdy2EzG5K8Bf1SiVPDNGKgb40=",
            "optional": true
        },
        "bignumber.js": {
            "version": "4.0.4",
            "resolved": "https://registry.npmjs.org/bignumber.js/-/bignumber.js-4.0.4.tgz",
            "integrity": "sha512-LDXpJKVzEx2/OqNbG9mXBNvHuiRL4PzHCGfnANHMJ+fv68Ads3exDVJeGDJws+AoNEuca93bU3q+S0woeUaCdg=="
        },
        "binary": {
            "version": "0.3.0",
            "resolved": "https://registry.npmjs.org/binary/-/binary-0.3.0.tgz",
            "integrity": "sha1-n2BVO8XOjDOG87VTz/R0Yq3sqnk="
        },
        "bindings": {
            "version": "1.2.1",
            "resolved": "https://registry.npmjs.org/bindings/-/bindings-1.2.1.tgz",
            "integrity": "sha1-FK1hE4EtLTfXLme0ystLtyZQXxE="
        },
        "bl": {
            "version": "1.2.2",
            "resolved": "https://registry.npmjs.org/bl/-/bl-1.2.2.tgz",
            "integrity": "sha512-e8tQYnZodmebYDWGH7KMRvtzKXaJHx3BbilrgZCfvyLUYdKpK1t5PSPmpkny/SgiTSCnjfLW7v5rlONXVFkQEA=="
        },
        "bluebird": {
            "version": "3.4.7",
            "resolved": "https://registry.npmjs.org/bluebird/-/bluebird-3.4.7.tgz",
            "integrity": "sha1-9y12C+Cbf3bQjtj66Ysomo0F+rM="
        },
        "boom": {
            "version": "2.10.1",
            "resolved": "https://registry.npmjs.org/boom/-/boom-2.10.1.tgz",
            "integrity": "sha1-OciRjO/1eZ+D+UkqhI9iWt0Mdm8="
        },
        "brace-expansion": {
            "version": "1.1.11",
            "resolved": "https://registry.npmjs.org/brace-expansion/-/brace-expansion-1.1.11.tgz",
            "integrity": "sha512-iCuPHDFgrHX7H2vEI/5xpz07zSHB00TpugqhmYtVmMO6518mCuRMoOYFldEBl0g187ufozdaHgWKcYFb61qGiA=="
        },
        "browser-stdout": {
            "version": "1.3.1",
            "resolved": "https://registry.npmjs.org/browser-stdout/-/browser-stdout-1.3.1.tgz",
            "integrity": "sha512-qhAVI1+Av2X7qelOfAIYwXONood6XlZE/fXaBSmW/T5SzLAmCgzi+eiWE7fUvbHaeNBQH13UftjpXxsfLkMpgw==",
            "dev": true
        },
        "buffer-from": {
            "version": "1.1.0",
            "resolved": "https://registry.npmjs.org/buffer-from/-/buffer-from-1.1.0.tgz",
            "integrity": "sha512-c5mRlguI/Pe2dSZmpER62rSCu0ryKmWddzRYsuXc50U2/g8jMOulc31VZMa4mYx31U5xsmSOpDCgH88Vl9cDGQ=="
        },
        "buffer-indexof-polyfill": {
            "version": "1.0.1",
            "resolved": "https://registry.npmjs.org/buffer-indexof-polyfill/-/buffer-indexof-polyfill-1.0.1.tgz",
            "integrity": "sha1-qfuAbOgUXVQoUQznLyeLs2OmOL8="
        },
        "buffer-shims": {
            "version": "1.0.0",
            "resolved": "https://registry.npmjs.org/buffer-shims/-/buffer-shims-1.0.0.tgz",
            "integrity": "sha1-mXjOMXOIxkmth5MCjDR37wRKi1E="
        },
        "buffers": {
            "version": "0.1.1",
            "resolved": "https://registry.npmjs.org/buffers/-/buffers-0.1.1.tgz",
            "integrity": "sha1-skV5w77U1tOWru5tmorn9Ugqt7s="
        },
        "caseless": {
            "version": "0.12.0",
            "resolved": "https://registry.npmjs.org/caseless/-/caseless-0.12.0.tgz",
            "integrity": "sha1-G2gcIf+EAzyCZUMJBolCDRhxUdw="
        },
        "chainsaw": {
            "version": "0.1.0",
            "resolved": "https://registry.npmjs.org/chainsaw/-/chainsaw-0.1.0.tgz",
            "integrity": "sha1-XqtQsor+WAdNDVgpE4iCi15fvJg="
        },
        "chownr": {
            "version": "1.0.1",
            "resolved": "https://registry.npmjs.org/chownr/-/chownr-1.0.1.tgz",
            "integrity": "sha1-4qdQQqlVGQi+vSW4Uj1fl2nXkYE="
        },
        "co": {
            "version": "4.6.0",
            "resolved": "https://registry.npmjs.org/co/-/co-4.6.0.tgz",
            "integrity": "sha1-bqa989hTrlTMuOR7+gvz+QMfsYQ="
        },
        "combined-stream": {
            "version": "1.0.6",
            "resolved": "https://registry.npmjs.org/combined-stream/-/combined-stream-1.0.6.tgz",
            "integrity": "sha1-cj599ugBrFYTETp+RFqbactjKBg="
        },
        "commander": {
            "version": "2.15.1",
            "resolved": "https://registry.npmjs.org/commander/-/commander-2.15.1.tgz",
            "integrity": "sha512-VlfT9F3V0v+jr4yxPc5gg9s62/fIVWsd2Bk2iD435um1NlGMYdVCq+MjcXnhYq2icNOizHr1kK+5TI6H0Hy0ag==",
            "dev": true
        },
        "concat-map": {
            "version": "0.0.1",
            "resolved": "https://registry.npmjs.org/concat-map/-/concat-map-0.0.1.tgz",
            "integrity": "sha1-2Klr13/Wjfd5OnMDajug1UBdR3s="
        },
        "core-util-is": {
            "version": "1.0.2",
            "resolved": "https://registry.npmjs.org/core-util-is/-/core-util-is-1.0.2.tgz",
            "integrity": "sha1-tf1UIgqivFq1eqtxQMlAdUUDwac="
        },
        "cryptiles": {
            "version": "2.0.5",
            "resolved": "https://registry.npmjs.org/cryptiles/-/cryptiles-2.0.5.tgz",
            "integrity": "sha1-O9/s3GCBR8HGcgL6KR59ylnqo7g="
        },
        "dashdash": {
            "version": "1.14.1",
            "resolved": "https://registry.npmjs.org/dashdash/-/dashdash-1.14.1.tgz",
            "integrity": "sha1-hTz6D3y+L+1d4gMmuN1YEDX24vA=",
            "dependencies": {
                "assert-plus": {
                    "version": "1.0.0",
                    "resolved": "https://registry.npmjs.org/assert-plus/-/assert-plus-1.0.0.tgz",
                    "integrity": "sha1-8S4PPF13sLHN2RRpQuTpbB5N1SU="
                }
            }
        },
        "debug": {
            "version": "3.1.0",
            "resolved": "https://registry.npmjs.org/debug/-/debug-3.1.0.tgz",
            "integrity": "sha512-OX8XqP7/1a9cqkxYw2yXss15f26NKWBpDXQd0/uK/KPqdQhxbPa994hnzjcE2VqQpDslf55723cKPUOGSmMY3g==",
            "dev": true
        },
        "delayed-stream": {
            "version": "1.0.0",
            "resolved": "https://registry.npmjs.org/delayed-stream/-/delayed-stream-1.0.0.tgz",
            "integrity": "sha1-3zrhmayt+31ECqrgsp4icrJOxhk="
        },
        "diff": {
            "version": "3.5.0",
            "resolved": "https://registry.npmjs.org/diff/-/diff-3.5.0.tgz",
            "integrity": "sha512-A46qtFgd+g7pDZinpnwiRJtxbC1hpgf0uzP3iG89scHk0AUC7A1TGxf5OiiOUv/JMZR8GOt8hL900hV0bOy5xA==",
            "dev": true
        },
        "duplexer2": {
            "version": "0.1.4",
            "resolved": "https://registry.npmjs.org/duplexer2/-/duplexer2-0.1.4.tgz",
            "integrity": "sha1-ixLauHjA1p4+eJEFFmKjL8a93ME="
        },
        "ecc-jsbn": {
            "version": "0.1.1",
            "resolved": "https://registry.npmjs.org/ecc-jsbn/-/ecc-jsbn-0.1.1.tgz",
            "integrity": "sha1-D8c6ntXw1Tw4GTOYUj735UN3dQU=",
            "optional": true
        },
        "end-of-stream": {
            "version": "1.4.1",
            "resolved": "https://registry.npmjs.org/end-of-stream/-/end-of-stream-1.4.1.tgz",
            "integrity": "sha512-1MkrZNvWTKCaigbn+W15elq2BB/L22nqrSY5DKlo3X6+vclJm8Bb5djXJBmEX6fS3+zCh/F4VBK5Z2KxJt4s2Q=="
        },
        "escape-string-regexp": {
            "version": "1.0.5",
            "resolved": "https://registry.npmjs.org/escape-string-regexp/-/escape-string-regexp-1.0.5.tgz",
            "integrity": "sha1-G2HAViGQqN/2rjuyzwIAyhMLhtQ=",
            "dev": true
        },
        "extend": {
            "version": "3.0.1",
            "resolved": "https://registry.npmjs.org/extend/-/extend-3.0.1.tgz",
            "integrity": "sha1-p1Xqe8Gt/MWjHOfnYtuq3F5jZEQ="
        },
        "extsprintf": {
            "version": "1.3.0",
            "resolved": "https://registry.npmjs.org/extsprintf/-/extsprintf-1.3.0.tgz",
            "integrity": "sha1-lpGEQOMEGnpBT4xS48V06zw+HgU="
        },
        "forever-agent": {
            "version": "0.6.1",
            "resolved": "https://registry.npmjs.org/forever-agent/-/forever-agent-0.6.1.tgz",
            "integrity": "sha1-+8cfDEGt6zf5bFd60e1C2P2sypE="
        },
        "form-data": {
            "version": "2.1.4",
            "resolved": "https://registry.npmjs.org/form-data/-/form-data-2.1.4.tgz",
            "integrity": "sha1-M8GDrPGTJ27KqYFDpp6Uv+4XUNE="
        },
        "fs.realpath": {
            "version": "1.0.0",
            "resolved": "https://registry.npmjs.org/fs.realpath/-/fs.realpath-1.0.0.tgz",
            "integrity": "sha1-FQStJSMVjKpA20onh8sBQRmU6k8="
        },
        "fstream": {
            "version": "1.0.11",
            "resolved": "https://registry.npmjs.org/fstream/-/fstream-1.0.11.tgz",
            "integrity": "sha1-XB+x8RdHcRTwYyoOtLcbPLD9MXE="
        },
        "getpass": {
            "version": "0.1.7",
            "resolved": "https://registry.npmjs.org/getpass/-/getpass-0.1.7.tgz",
            "integrity": "sha1-Xv+OPmhNVprkyysSgmBOi6YhSfo=",
            "dependencies": {
                "assert-plus": {
                    "version": "1.0.0",
                    "resolved": "https://registry.npmjs.org/assert-plus/-/assert-plus-1.0.0.tgz",
                    "integrity": "sha1-8S4PPF13sLHN2RRpQuTpbB5N1SU="
                }
            }
        },
        "glob": {
            "version": "7.1.2",
            "resolved": "https://registry.npmjs.org/glob/-/glob-7.1.2.tgz",
            "integrity": "sha512-MJTUg1kjuLeQCJ+ccE4Vpa6kKVXkPYJ2mOCQyUuKLcLQsdrMCpBPUi8qVE6+YuaJkozeA9NusTAw3hLr8Xe5EQ=="
        },
        "graceful-fs": {
            "version": "4.1.11",
            "resolved": "https://registry.npmjs.org/graceful-fs/-/graceful-fs-4.1.11.tgz",
            "integrity": "sha1-Dovf5NHduIVNZOBOp8AOKgJuVlg="
        },
        "growl": {
            "version": "1.10.5",
            "resolved": "https://registry.npmjs.org/growl/-/growl-1.10.5.tgz",
            "integrity": "sha512-qBr4OuELkhPenW6goKVXiv47US3clb3/IbuWF9KNKEijAy9oeHxU9IgzjvJhHkUzhaj7rOUD7+YGWqUjLp5oSA==",
            "dev": true
        },
        "har-schema": {
            "version": "1.0.5",
            "resolved": "https://registry.npmjs.org/har-schema/-/har-schema-1.0.5.tgz",
            "integrity": "sha1-0mMTX0MwfALGAq/I/pWXDAFRNp4="
        },
        "har-validator": {
            "version": "4.2.1",
            "resolved": "https://registry.npmjs.org/har-validator/-/har-validator-4.2.1.tgz",
            "integrity": "sha1-M0gdDxu/9gDdID11gSpqX7oALio="
        },
        "has-flag": {
            "version": "3.0.0",
            "resolved": "https://registry.npmjs.org/has-flag/-/has-flag-3.0.0.tgz",
            "integrity": "sha1-tdRU3CGZriJWmfNGfloH87lVuv0=",
            "dev": true
        },
        "hawk": {
            "version": "3.1.3",
            "resolved": "https://registry.npmjs.org/hawk/-/hawk-3.1.3.tgz",
            "integrity": "sha1-B4REvXwWQLD+VA0sm3PVlnjo4cQ="
        },
        "he": {
            "version": "1.1.1",
            "resolved": "https://registry.npmjs.org/he/-/he-1.1.1.tgz",
            "integrity": "sha1-k0EP0hsAlzUVH4howvJx80J+I/0=",
            "dev": true
        },
        "hide-protected-properties": {
            "version": "0.1.1",
            "resolved": "https://registry.npmjs.org/hide-protected-properties/-/hide-protected-properties-0.1.1.tgz",
            "integrity": "sha512-8BtQGPoanlCvj1+t69mVHti2lCEF59JiJgODA0Izuoz51RLeXCpMuj+g+c0LMx/xkHQPGQ2+DrOrlPWB22ZPmg=="
        },
        "hoek": {
            "version": "2.16.3",
            "resolved": "https://registry.npmjs.org/hoek/-/hoek-2.16.3.tgz",
            "integrity": "sha1-ILt0A9POo5jpHcRxCo/xuCdKJe0="
        },
        "http-signature": {
            "version": "1.1.1",
            "resolved": "https://registry.npmjs.org/http-signature/-/http-signature-1.1.1.tgz",
            "integrity": "sha1-33LiZwZs0Kxn+3at+OE0qPvPkb8="
        },
        "ibm_db": {
            "version": "2.4.0",
            "resolved": "https://registry.npmjs.org/ibm_db/-/ibm_db-2.4.0.tgz",
            "integrity": "sha512-s4NED99o/IaJUCkt7sj10Em8Ppej4KkEckSreUU8JOcWFLDMyevufobKJYjlu6LgDdow63pv4gxxCNDnZAvvuw==",
            "dependencies": {
                "nan": {
                    "version": "2.10.0",
                    "resolved": "https://registry.npmjs.org/nan/-/nan-2.10.0.tgz",
                    "integrity": "sha512-bAdJv7fBLhWC+/Bls0Oza+mvTaNQtP+1RyhhhvD95pgUJz6XM5IzgmxOkItJ9tkoCiplvAnXI1tNmmUD/eScyA=="
                }
            }
        },
        "inflight": {
            "version": "1.0.6",
            "resolved": "https://registry.npmjs.org/inflight/-/inflight-1.0.6.tgz",
            "integrity": "sha1-Sb1jMdfQLQwJvJEKEHW6gWW1bfk="
        },
        "inherits": {
            "version": "2.0.3",
            "resolved": "https://registry.npmjs.org/inherits/-/inherits-2.0.3.tgz",
            "integrity": "sha1-Yzwsg+PaQqUC9SRmAiSA9CCCYd4="
        },
        "is-typedarray": {
            "version": "1.0.0",
            "resolved": "https://registry.npmjs.org/is-typedarray/-/is-typedarray-1.0.0.tgz",
            "integrity": "sha1-5HnICFjfDBsR3dppQPlgEfzaSpo="
        },
        "isarray": {
            "version": "1.0.0",
            "resolved": "https://registry.npmjs.org/isarray/-/isarray-1.0.0.tgz",
            "integrity": "sha1-u5NdSFgsuhaMBoNJV6VKPgcSTxE="
        },
        "isstream": {
            "version": "0.1.2",
            "resolved": "https://registry.npmjs.org/isstream/-/isstream-0.1.2.tgz",
            "integrity": "sha1-R+Y/evVa+m+S4VAOaQ64uFKcCZo="
        },
        "jsbn": {
            "version": "0.1.1",
            "resolved": "https://registry.npmjs.org/jsbn/-/jsbn-0.1.1.tgz",
            "integrity": "sha1-peZUwuWi3rXyAdls77yoDA7y9RM=",
            "optional": true
        },
        "json-schema": {
            "version": "0.2.3",
            "resolved": "https://registry.npmjs.org/json-schema/-/json-schema-0.2.3.tgz",
            "integrity": "sha1-tIDIkuWaLwWVTOcnvT8qTogvnhM="
        },
        "json-stable-stringify": {
            "version": "1.0.1",
            "resolved": "https://registry.npmjs.org/json-stable-stringify/-/json-stable-stringify-1.0.1.tgz",
            "integrity": "sha1-mnWdOcXy/1A/1TAGRu1EX4jE+a8="
        },
        "json-stringify-safe": {
            "version": "5.0.1",
            "resolved": "https://registry.npmjs.org/json-stringify-safe/-/json-stringify-safe-5.0.1.tgz",
            "integrity": "sha1-Epai1Y/UXxmg9s4B1lcB4sc1tus="
        },
        "jsonify": {
            "version": "0.0.0",
            "resolved": "https://registry.npmjs.org/jsonify/-/jsonify-0.0.0.tgz",
            "integrity": "sha1-LHS27kHZPKUbe1qu6PUDYx0lKnM="
        },
        "jsprim": {
            "version": "1.4.1",
            "resolved": "https://registry.npmjs.org/jsprim/-/jsprim-1.4.1.tgz",
            "integrity": "sha1-MT5mvB5cwG5Di8G3SZwuXFastqI=",
            "dependencies": {
                "assert-plus": {
                    "version": "1.0.0",
                    "resolved": "https://registry.npmjs.org/assert-plus/-/assert-plus-1.0.0.tgz",
                    "integrity": "sha1-8S4PPF13sLHN2RRpQuTpbB5N1SU="
                }
            }
        },
        "listenercount": {
            "version": "1.0.1",
            "resolved": "https://registry.npmjs.org/listenercount/-/listenercount-1.0.1.tgz",
            "integrity": "sha1-hMinKrWcRyUyFIDJdeZQg0LnCTc="
        },
        "lodash": {
            "version": "4.17.10",
            "resolved": "https://registry.npmjs.org/lodash/-/lodash-4.17.10.tgz",
            "integrity": "sha512-UejweD1pDoXu+AD825lWwp4ZGtSwgnpZxb3JDViD7StjQz+Nb/6l093lx4OQ0foGWNRoc19mWy7BzL+UAK2iVg=="
        },
        "mime-db": {
            "version": "1.33.0",
            "resolved": "https://registry.npmjs.org/mime-db/-/mime-db-1.33.0.tgz",
            "integrity": "sha512-BHJ/EKruNIqJf/QahvxwQZXKygOQ256myeN/Ew+THcAa5q+PjyTTMMeNQC4DZw5AwfvelsUrA6B67NKMqXDbzQ=="
        },
        "mime-types": {
            "version": "2.1.18",
            "resolved": "https://registry.npmjs.org/mime-types/-/mime-types-2.1.18.tgz",
            "integrity": "sha512-lc/aahn+t4/SWV/qcmumYjymLsWfN3ELhpmVuUFjgsORruuZPVSwAQryq+HHGvO/SI2KVX26bx+En+zhM8g8hQ=="
        },
        "minimatch": {
            "version": "3.0.4",
            "resolved": "https://registry.npmjs.org/minimatch/-/minimatch-3.0.4.tgz",
            "integrity": "sha512-yJHVQEhyqPLUTgt9B83PXu6W3rx4MvvHvSUvToogpwoGDOUQ+yDrR0HRot+yOCdCO7u4hX3pWft6kWBBcqh0UA=="
        },
        "minimist": {
            "version": "0.0.8",
            "resolved": "https://registry.npmjs.org/minimist/-/minimist-0.0.8.tgz",
            "integrity": "sha1-hX/Kv8M5fSYluCKCYuhqp6ARsF0="
        },
        "mkdirp": {
            "version": "0.5.1",
            "resolved": "https://registry.npmjs.org/mkdirp/-/mkdirp-0.5.1.tgz",
            "integrity": "sha1-MAV0OOrGz3+MR2fzhkjWaX11yQM="
        },
        "mocha": {
            "version": "5.2.0",
            "resolved": "https://registry.npmjs.org/mocha/-/mocha-5.2.0.tgz",
            "integrity": "sha512-2IUgKDhc3J7Uug+FxMXuqIyYzH7gJjXECKe/w43IGgQHTSj3InJi+yAA7T24L9bQMRKiUEHxEX37G5JpVUGLcQ==",
            "dev": true
        },
        "modelar": {
            "version": "3.0.6",
            "resolved": "https://registry.npmjs.org/modelar/-/modelar-3.0.6.tgz",
            "integrity": "sha512-JbHseWOvTrzgBOwZHEr2zqbZsM2GKtZsLa54QhhJ7AcJ6IY+d/X4p1/c/0L5lCOMfkIU3cSJyEaU+nCqzjHH7w==",
            "dependencies": {
                "tslib": {
                    "version": "1.9.2",
                    "resolved": "https://registry.npmjs.org/tslib/-/tslib-1.9.2.tgz",
                    "integrity": "sha512-AVP5Xol3WivEr7hnssHDsaM+lVrVXWUvd1cfXTRkTj80b//6g2wIFEH6hZG0muGZRnHGrfttpdzRk3YlBkWjKw=="
                }
            }
        },
        "modelar-mysql-adapter": {
            "version": "3.0.6",
            "resolved": "https://registry.npmjs.org/modelar-mysql-adapter/-/modelar-mysql-adapter-3.0.6.tgz",
            "integrity": "sha512-dT7V/r5aJreIBm1/QdPF+0Y27LVYOVJ1QNBIYFQMegpqdtzyF/soa2NamTxvgB3+DJ+4oWUVxp4DoGDkILh3JA=="
        },
        "ms": {
            "version": "2.0.0",
            "resolved": "https://registry.npmjs.org/ms/-/ms-2.0.0.tgz",
            "integrity": "sha1-VgiurfwAvmwpAd9fmGF4jeDVl8g=",
            "dev": true
        },
        "mysql": {
            "version": "2.15.0",
            "resolved": "https://registry.npmjs.org/mysql/-/mysql-2.15.0.tgz",
            "integrity": "sha512-C7tjzWtbN5nzkLIV+E8Crnl9bFyc7d3XJcBAvHKEVkjrYjogz3llo22q6s/hw+UcsE4/844pDob9ac+3dVjQSA==",
            "dependencies": {
                "process-nextick-args": {
                    "version": "1.0.7",
                    "resolved": "https://registry.npmjs.org/process-nextick-args/-/process-nextick-args-1.0.7.tgz",
                    "integrity": "sha1-FQ4gt1ZZCtP5EJPyWk8q2L/zC6M="
                },
                "readable-stream": {
                    "version": "2.3.3",
                    "resolved": "https://registry.npmjs.org/readable-stream/-/readable-stream-2.3.3.tgz",
                    "integrity": "sha512-m+qzzcn7KUxEmd1gMbchF+Y2eIUbieUaxkWtptyHywrX0rE8QEYqPC07Vuy4Wm32/xE16NcdBctb8S0Xe/5IeQ=="
                }
            }
        },
        "oauth-sign": {
            "version": "0.8.2",
            "resolved": "https://registry.npmjs.org/oauth-sign/-/oauth-sign-0.8.2.tgz",
            "integrity": "sha1-Rqarfwrq2N6unsBWV4C31O/rnUM="
        },
        "once": {
            "version": "1.4.0",
            "resolved": "https://registry.npmjs.org/once/-/once-1.4.0.tgz",
            "integrity": "sha1-WDsap3WWHUsROsF9nFC6753Xa9E="
        },
        "path-is-absolute": {
            "version": "1.0.1",
            "resolved": "https://registry.npmjs.org/path-is-absolute/-/path-is-absolute-1.0.1.tgz",
            "integrity": "sha1-F0uSaHNVNP+8es5r9TpanhtcX18="
        },
        "performance-now": {
            "version": "0.2.0",
            "resolved": "https://registry.npmjs.org/performance-now/-/performance-now-0.2.0.tgz",
            "integrity": "sha1-M+8wxcd9TqIcWlOGnZG1bY8lVeU="
        },
        "process-nextick-args": {
            "version": "2.0.0",
            "resolved": "https://registry.npmjs.org/process-nextick-args/-/process-nextick-args-2.0.0.tgz",
            "integrity": "sha512-MtEC1TqN0EU5nephaJ4rAtThHtC86dNN9qCuEhtshvpVBkAW5ZO7BASN9REnF9eoXGcRub+pFuKEpOHE+HbEMw=="
        },
        "pump": {
            "version": "1.0.3",
            "resolved": "https://registry.npmjs.org/pump/-/pump-1.0.3.tgz",
            "integrity": "sha512-8k0JupWme55+9tCVE+FS5ULT3K6AbgqrGa58lTT49RpyfwwcGedHqaC5LlQNdEAumn/wFsu6aPwkuPMioy8kqw=="
        },
        "punycode": {
            "version": "1.4.1",
            "resolved": "https://registry.npmjs.org/punycode/-/punycode-1.4.1.tgz",
            "integrity": "sha1-wNWmOycYgArY4esPpSachN1BhF4="
        },
        "q": {
            "version": "1.4.1",
            "resolved": "https://registry.npmjs.org/q/-/q-1.4.1.tgz",
            "integrity": "sha1-VXBbzZPF82c1MMLCy8DCs63cKG4="
        },
        "qs": {
            "version": "6.4.0",
            "resolved": "https://registry.npmjs.org/qs/-/qs-6.4.0.tgz",
            "integrity": "sha1-E+JtKK1rD/qpExLNO/cI7TUecjM="
        },
        "readable-stream": {
            "version": "2.3.5",
            "resolved": "https://registry.npmjs.org/readable-stream/-/readable-stream-2.3.5.tgz",
            "integrity": "sha512-tK0yDhrkygt/knjowCUiWP9YdV7c5R+8cR0r/kt9ZhBU906Fs6RpQJCEilamRJj1Nx2rWI6LkW9gKqjTkshhEw=="
        },
        "request": {
            "version": "2.81.0",
            "resolved": "https://registry.npmjs.org/request/-/request-2.81.0.tgz",
            "integrity": "sha1-xpKJRqDgbF+Nb4qTM0af/aRimKA="
        },
        "rimraf": {
            "version": "2.6.2",
            "resolved": "https://registry.npmjs.org/rimraf/-/rimraf-2.6.2.tgz",
            "integrity": "sha512-lreewLK/BlghmxtfH36YYVg1i8IAce4TI7oao75I1g245+6BctqTVQiBP3YUJ9C6DQOXJmkYR9X9fCLtCOJc5w=="
        },
        "safe-buffer": {
            "version": "5.1.1",
            "resolved": "https://registry.npmjs.org/safe-buffer/-/safe-buffer-5.1.1.tgz",
            "integrity": "sha512-kKvNJn6Mm93gAczWVJg7wH+wGYWNrDHdWvpUmHyEsgCtIwwo3bqPtV4tR5tuPaUhTOo/kvhVwd8XwwOllGYkbg=="
        },
        "setimmediate": {
            "version": "1.0.5",
            "resolved": "https://registry.npmjs.org/setimmediate/-/setimmediate-1.0.5.tgz",
            "integrity": "sha1-KQy7Iy4waULX1+qbg3Mqt4VvgoU="
        },
        "sntp": {
            "version": "1.0.9",
            "resolved": "https://registry.npmjs.org/sntp/-/sntp-1.0.9.tgz",
            "integrity": "sha1-ZUEYTMkK7qbG57NeJlkIJEPGYZg="
        },
        "source-map": {
            "version": "0.6.1",
            "resolved": "https://registry.npmjs.org/source-map/-/source-map-0.6.1.tgz",
            "integrity": "sha512-UjgapumWlbMhkBgzT7Ykc5YXUT46F0iKu8SGXq0bcwP5dz/h0Plj6enJqjz1Zbq2l5WaqYnrVbwWOWMyF3F47g=="
        },
        "source-map-support": {
            "version": "0.5.6",
            "resolved": "https://registry.npmjs.org/source-map-support/-/source-map-support-0.5.6.tgz",
            "integrity": "sha512-N4KXEz7jcKqPf2b2vZF11lQIz9W5ZMuUcIOGj243lduidkf2fjkVKJS9vNxVWn3u/uxX38AcE8U9nnH9FPcq+g=="
        },
        "sqlstring": {
            "version": "2.3.0",
            "resolved": "https://registry.npmjs.org/sqlstring/-/sqlstring-2.3.0.tgz",
            "integrity": "sha1-UluKT9Jtb3GqYegipsr5dtMa0qg="
        },
        "sshpk": {
            "version": "1.14.1",
            "resolved": "https://registry.npmjs.org/sshpk/-/sshpk-1.14.1.tgz",
            "integrity": "sha1-Ew9Zde3a2WPx1W+SuaxsUfqfg+s=",
            "dependencies": {
                "assert-plus": {
                    "version": "1.0.0",
                    "resolved": "https://registry.npmjs.org/assert-plus/-/assert-plus-1.0.0.tgz",
                    "integrity": "sha1-8S4PPF13sLHN2RRpQuTpbB5N1SU="
                }
            }
        },
        "string_decoder": {
            "version": "1.0.3",
            "resolved": "https://registry.npmjs.org/string_decoder/-/string_decoder-1.0.3.tgz",
            "integrity": "sha512-4AH6Z5fzNNBcH+6XDMfA/BTt87skxqJlO0lAh3Dker5zThcAxG6mKz+iGu308UKoPPQ8Dcqx/4JhujzltRa+hQ=="
        },
        "stringstream": {
            "version": "0.0.5",
            "resolved": "https://registry.npmjs.org/stringstream/-/stringstream-0.0.5.tgz",
            "integrity": "sha1-TkhM1N5aC7vuGORjB3EKioFiGHg="
        },
        "supports-color": {
            "version": "5.4.0",
            "resolved": "https://registry.npmjs.org/supports-color/-/supports-color-5.4.0.tgz",
            "integrity": "sha512-zjaXglF5nnWpsq470jSv6P9DwPvgLkuapYmfDm3JWOm0vkNTVF2tI4UrN2r6jH1qM/uc/WtxYY1hYoA2dOKj5w==",
            "dev": true
        },
        "tar-fs": {
            "version": "1.16.0",
            "resolved": "https://registry.npmjs.org/tar-fs/-/tar-fs-1.16.0.tgz",
            "integrity": "sha512-I9rb6v7mjWLtOfCau9eH5L7sLJyU2BnxtEZRQ5Mt+eRKmf1F0ohXmT/Jc3fr52kDvjJ/HV5MH3soQfPL5bQ0Yg=="
        },
        "tar-stream": {
            "version": "1.5.5",
            "resolved": "https://registry.npmjs.org/tar-stream/-/tar-stream-1.5.5.tgz",
            "integrity": "sha512-mQdgLPc/Vjfr3VWqWbfxW8yQNiJCbAZ+Gf6GDu1Cy0bdb33ofyiNGBtAY96jHFhDuivCwgW1H9DgTON+INiXgg=="
        },
        "targz": {
            "version": "1.0.1",
            "resolved": "https://registry.npmjs.org/targz/-/targz-1.0.1.tgz",
            "integrity": "sha1-j3alI2lM3t+7XWCkB2/27uzFOY8="
        },
        "tough-cookie": {
            "version": "2.3.4",
            "resolved": "https://registry.npmjs.org/tough-cookie/-/tough-cookie-2.3.4.tgz",
            "integrity": "sha512-TZ6TTfI5NtZnuyy/Kecv+CnoROnyXn2DN97LontgQpCwsX2XyLYCC0ENhYkehSOwAp8rTQKc/NUIF7BkQ5rKLA=="
        },
        "traverse": {
            "version": "0.3.9",
            "resolved": "https://registry.npmjs.org/traverse/-/traverse-0.3.9.tgz",
            "integrity": "sha1-cXuPIgzAu3tE5AUUwisui7xw2Lk="
        },
        "tslib": {
            "version": "1.9.2",
            "resolved": "https://registry.npmjs.org/tslib/-/tslib-1.9.2.tgz",
            "integrity": "sha512-AVP5Xol3WivEr7hnssHDsaM+lVrVXWUvd1cfXTRkTj80b//6g2wIFEH6hZG0muGZRnHGrfttpdzRk3YlBkWjKw=="
        },
        "tunnel-agent": {
            "version": "0.6.0",
            "resolved": "https://registry.npmjs.org/tunnel-agent/-/tunnel-agent-0.6.0.tgz",
            "integrity": "sha1-J6XeoGs2sEoKmWZ3SykIaPD8QP0="
        },
        "tweetnacl": {
            "version": "0.14.5",
            "resolved": "https://registry.npmjs.org/tweetnacl/-/tweetnacl-0.14.5.tgz",
            "integrity": "sha1-WuaBd/GS1EViadEIr6k/+HQ/T2Q=",
            "optional": true
        },
        "unzipper": {
            "version": "0.7.6",
            "resolved": "https://registry.npmjs.org/unzipper/-/unzipper-0.7.6.tgz",
            "integrity": "sha1-/ntGYW6hJDWYgDbeube7v9x3gG4=",
            "dependencies": {
                "process-nextick-args": {
                    "version": "1.0.7",
                    "resolved": "https://registry.npmjs.org/process-nextick-args/-/process-nextick-args-1.0.7.tgz",
                    "integrity": "sha1-FQ4gt1ZZCtP5EJPyWk8q2L/zC6M="
                },
                "readable-stream": {
                    "version": "2.1.5",
                    "resolved": "https://registry.npmjs.org/readable-stream/-/readable-stream-2.1.5.tgz",
                    "integrity": "sha1-ZvqLcg4UOLNkaB8q0aY8YYRIydA="
                },
                "string_decoder": {
                    "version": "0.10.31",
                    "resolved": "https://registry.npmjs.org/string_decoder/-/string_decoder-0.10.31.tgz",
                    "integrity": "sha1-YuIDvEF2bGwoyfyEMB2rHFMQ+pQ="
                }
            }
        },
        "url6": {
            "version": "6.0.2",
            "resolved": "https://registry.npmjs.org/url6/-/url6-6.0.2.tgz",
            "integrity": "sha512-wOoJgLsXJ58+do1q9t1qjEcXYVgth+bnsHsGmMSdLh7D74RHxKbLh7Vyuq6yko1fNXTCqQO8/WogNsRcLJ2PQw==",
            "dev": true,
            "dependencies": {
                "qs": {
                    "version": "6.5.2",
                    "resolved": "https://registry.npmjs.org/qs/-/qs-6.5.2.tgz",
                    "integrity": "sha512-N5ZAX4/LxJmF+7wN74pUD6qAh9/wnvdQcjq9TZjevvXzSUo7bfmw91saqMjzGS2xq91/odN2dW/WOl7qQHNDGA==",
                    "dev": true
                }
            }
        },
        "util-deprecate": {
            "version": "1.0.2",
            "resolved": "https://registry.npmjs.org/util-deprecate/-/util-deprecate-1.0.2.tgz",
            "integrity": "sha1-RQ1Nyfpw3nMnYvvS1KKJgUGaDM8="
        },
        "uuid": {
            "version": "3.2.1",
            "resolved": "https://registry.npmjs.org/uuid/-/uuid-3.2.1.tgz",
            "integrity": "sha512-jZnMwlb9Iku/O3smGWvZhauCf6cvvpKi4BKRiliS3cxnI+Gz9j5MEpTz2UFuXiKPJocb7gnsLHwiS05ige5BEA=="
        },
        "verror": {
            "version": "1.10.0",
            "resolved": "https://registry.npmjs.org/verror/-/verror-1.10.0.tgz",
            "integrity": "sha1-OhBcoXBTr1XW4nDB+CiGguGNpAA=",
            "dependencies": {
                "assert-plus": {
                    "version": "1.0.0",
                    "resolved": "https://registry.npmjs.org/assert-plus/-/assert-plus-1.0.0.tgz",
                    "integrity": "sha1-8S4PPF13sLHN2RRpQuTpbB5N1SU="
                }
            }
        },
        "wrappy": {
            "version": "1.0.2",
            "resolved": "https://registry.npmjs.org/wrappy/-/wrappy-1.0.2.tgz",
            "integrity": "sha1-tSQ9jz7BqjXxNkYFvA0QNuMKtp8="
        },
        "xtend": {
            "version": "4.0.1",
            "resolved": "https://registry.npmjs.org/xtend/-/xtend-4.0.1.tgz",
            "integrity": "sha1-pcbVMr5lbiPbgg77lDofBJmNY68="
        }
    }
}
